Microsoft Visual Studio Solution File, Format Version 12.00
# Visual Studio 2013
VisualStudioVersion = 12.0.21005.1
MinimumVisualStudioVersion = 10.0.40219.1
Project("{FAE04EC0-301F-11D3-BF4B-00C04F79EFBC}") = "FizzBuzz.Tests", "..\FizzBuzz.Tests\.idea.FizzBuzz\FizzBuzz.Tests\FizzBuzz.Tests.csproj", "{CAAB4515-9121-4AEF-AB33-B48275DBA761}"
EndProject
Project("{FAE04EC0-301F-11D3-BF4B-00C04F79EFBC}") = "FizzBuzz", "FizzBuzz\FizzBuzz.csproj", "{9E8860C1-E2BA-45CE-8C71-E2687DB851EF}"
EndProject
Global
	GlobalSection(SolutionConfigurationPlatforms) = preSolution
		Debug|Any CPU = Debug|Any CPU
		Release|Any CPU = Release|Any CPU
	EndGlobalSection
	GlobalSection(ProjectConfigurationPlatforms) = postSolution
		{CAAB4515-9121-4AEF-AB33-B48275DBA761}.Debug|Any CPU.ActiveCfg = Debug|Any CPU
		{CAAB4515-9121-4AEF-AB33-B48275DBA761}.Debug|Any CPU.Build.0 = Debug|Any CPU
		{CAAB4515-9121-4AEF-AB33-B48275DBA761}.Release|Any CPU.ActiveCfg = Release|Any CPU
		{CAAB4515-9121-4AEF-AB33-B48275DBA761}.Release|Any CPU.Build.0 = Release|Any CPU
		{9E8860C1-E2BA-45CE-8C71-E2687DB851EF}.Debug|Any CPU.ActiveCfg = Debug|Any CPU
		{9E8860C1-E2BA-45CE-8C71-E2687DB851EF}.Debug|Any CPU.Build.0 = Debug|Any CPU
		{9E8860C1-E2BA-45CE-8C71-E2687DB851EF}.Release|Any CPU.ActiveCfg = Release|Any CPU
		{9E8860C1-E2BA-45CE-8C71-E2687DB851EF}.Release|Any CPU.Build.0 = Release|Any CPU
	EndGlobalSection
	GlobalSection(SolutionProperties) = preSolution
		HideSolutionNode = FALSE
	EndGlobalSection
EndGlobal
